
Microsoft Visual Studio Solution File, Format Version 12.00
# Visual Studio Version 17
VisualStudioVersion = 17.5.33530.505
MinimumVisualStudioVersion = 10.0.40219.1
Project("{FAE04EC0-301F-11D3-BF4B-00C04F79EFBC}") = "MusicLibraryWebAPI", "MusicLibraryWebAPI\MusicLibraryWebAPI.csproj", "{2C3F9680-5B21-4A37-8E38-3F0208B7CB56}"
EndProject
Global
	GlobalSection(SolutionConfigurationPlatforms) = preSolution
		Debug|Any CPU = Debug|Any CPU
		Release|Any CPU = Release|Any CPU
	EndGlobalSection
	GlobalSection(ProjectConfigurationPlatforms) = postSolution
		{2C3F9680-5B21-4A37-8E38-3F0208B7CB56}.Debug|Any CPU.ActiveCfg = Debug|Any CPU
		{2C3F9680-5B21-4A37-8E38-3F0208B7CB56}.Debug|Any CPU.Build.0 = Debug|Any CPU
		{2C3F9680-5B21-4A37-8E38-3F0208B7CB56}.Release|Any CPU.ActiveCfg = Release|Any CPU
		{2C3F9680-5B21-4A37-8E38-3F0208B7CB56}.Release|Any CPU.Build.0 = Release|Any CPU
	EndGlobalSection
	GlobalSection(SolutionProperties) = preSolution
		HideSolutionNode = FALSE
	EndGlobalSection
	GlobalSection(ExtensibilityGlobals) = postSolution
		SolutionGuid = {5328F658-20B4-44C3-A025-E3EFD3E2B4E8}
	EndGlobalSection
EndGlobal
